{
  "name": "color-cli",
  "version": "1.0.0",
  "lockfileVersion": 3,
  "requires": true,
  "packages": {
    "": {
      "name": "color-cli",
      "version": "1.0.0",
      "dependencies": {
        "supports-color": "^11.0.0"
      },
      "bin": {
        "color-cli": "bin/cli.js"
      },
      "engines": {
        "node": ">=18"
      }
    },
    "node_modules/supports-color": {
      "version": "11.0.0",
      "resolved": "https://registry.npmjs.org/supports-color/-/supports-color-11.0.0.tgz",
      "integrity": "sha512-/zyImLdxhdygBIaVX0xTlQhKaCDLCrm665aqHk8xqK/Pa6k61fL6gwQGQq1k31yNyz6x55PppQgF2DMyPQa5xw==",
      "license": "MIT",
      "engines": {
        "node": ">=22"
      },
      "funding": {
        "url": "https://github.com/chalk/supports-color?sponsor=1"
      }
    }
  }
}
